<Solution><Folder Name="/Solution Items/"><File Path="Directory.Build.props"/><File Path="Directory.Packages.props"/><File Path="NuGet.Config"/><File Path="murchalka.module.yaml"/></Folder><Folder Name="/src/"><Project Path="src/Murchalka.ClientRealtime/Murchalka.ClientRealtime.csproj"/></Folder><Folder Name="/tests/"><Project Path="tests/Murchalka.ClientRealtime.Tests/Murchalka.ClientRealtime.Tests.csproj"/></Folder></Solution>
